
Microsoft Visual Studio Solution File, Format Version 12.00
# Visual Studio Version 16
VisualStudioVersion = 16.0.30907.101
MinimumVisualStudioVersion = 10.0.40219.1
Project("{FAE04EC0-301F-11D3-BF4B-00C04F79EFBC}") = "AFI_upg_2", "AFI_upg_2\AFI_upg_2.csproj", "{9655D04E-6587-430A-BAB8-3031E59A2378}"
EndProject
Global
	GlobalSection(SolutionConfigurationPlatforms) = preSolution
		Debug|Any CPU = Debug|Any CPU
		Release|Any CPU = Release|Any CPU
	EndGlobalSection
	GlobalSection(ProjectConfigurationPlatforms) = postSolution
		{9655D04E-6587-430A-BAB8-3031E59A2378}.Debug|Any CPU.ActiveCfg = Debug|Any CPU
		{9655D04E-6587-430A-BAB8-3031E59A2378}.Debug|Any CPU.Build.0 = Debug|Any CPU
		{9655D04E-6587-430A-BAB8-3031E59A2378}.Release|Any CPU.ActiveCfg = Release|Any CPU
		{9655D04E-6587-430A-BAB8-3031E59A2378}.Release|Any CPU.Build.0 = Release|Any CPU
	EndGlobalSection
	GlobalSection(SolutionProperties) = preSolution
		HideSolutionNode = FALSE
	EndGlobalSection
	GlobalSection(ExtensibilityGlobals) = postSolution
		SolutionGuid = {12FE71B0-8597-41AE-BAB0-15A35A42EAE1}
	EndGlobalSection
EndGlobal
